// !$*UTF8*$!
{
	archiveVersion = 1;
	classes = {
	};
	objectVersion = 46;
	objects = {

/* Begin PBXBuildFile section */
		1832596D1CD075B0008FD1CD /* PropertySetting.swift in Sources */ = {isa = PBXBuildFile; fileRef = 1832596C1CD075B0008FD1CD /* PropertySetting.swift */; };
		1837180D1CC3882D003F3D6C /* AppDelegate.swift in Sources */ = {isa = PBXBuildFile; fileRef = 1837180C1CC3882D003F3D6C /* AppDelegate.swift */; };
		183718141CC3882D003F3D6C /* Assets.xcassets in Resources */ = {isa = PBXBuildFile; fileRef = 183718131CC3882D003F3D6C /* Assets.xcassets */; };
		1872624B1CC4EEB9003340D7 /* LaunchScreen.storyboard in Resources */ = {isa = PBXBuildFile; fileRef = 1872624A1CC4EEB9003340D7 /* LaunchScreen.storyboard */; };
		1872624D1CC4EF08003340D7 /* Login.storyboard in Resources */ = {isa = PBXBuildFile; fileRef = 1872624C1CC4EF08003340D7 /* Login.storyboard */; };
		1872624F1CC4EF71003340D7 /* LoginViewController.swift in Sources */ = {isa = PBXBuildFile; fileRef = 1872624E1CC4EF71003340D7 /* LoginViewController.swift */; };
		187262511CC4F031003340D7 /* TList.storyboard in Resources */ = {isa = PBXBuildFile; fileRef = 187262501CC4F031003340D7 /* TList.storyboard */; };
		187262531CC4F076003340D7 /* TListTableViewController.swift in Sources */ = {isa = PBXBuildFile; fileRef = 187262521CC4F076003340D7 /* TListTableViewController.swift */; };
		1894682C1CC868B9003581E9 /* SignInWebPage.swift in Sources */ = {isa = PBXBuildFile; fileRef = 1894682B1CC868B9003581E9 /* SignInWebPage.swift */; };
		1894682E1CC88039003581E9 /* BaseURL.swift in Sources */ = {isa = PBXBuildFile; fileRef = 1894682D1CC88039003581E9 /* BaseURL.swift */; };
		189468361CC88BB6003581E9 /*  BookingSuccess.xib in Resources */ = {isa = PBXBuildFile; fileRef = 189468351CC88BB6003581E9 /*  BookingSuccess.xib */; };
		189EB2E11CCDB1EE00F6D758 /* ClassCell.swift in Sources */ = {isa = PBXBuildFile; fileRef = 189EB2DF1CCDB1EE00F6D758 /* ClassCell.swift */; };
		189EB2E21CCDB1EE00F6D758 /* ClassCell.xib in Resources */ = {isa = PBXBuildFile; fileRef = 189EB2E01CCDB1EE00F6D758 /* ClassCell.xib */; };
		189EB2E51CCE2CE200F6D758 /* ProfileTableViewController.swift in Sources */ = {isa = PBXBuildFile; fileRef = 189EB2E41CCE2CE200F6D758 /* ProfileTableViewController.swift */; };
		189EB2E71CCE2F6E00F6D758 /* ProfileImageCell.xib in Resources */ = {isa = PBXBuildFile; fileRef = 189EB2E61CCE2F6E00F6D758 /* ProfileImageCell.xib */; };
		189EB2EB1CCE308D00F6D758 /* ProfileCell.xib in Resources */ = {isa = PBXBuildFile; fileRef = 189EB2EA1CCE308D00F6D758 /* ProfileCell.xib */; };
		189EB2ED1CCE31A000F6D758 /* StudentDetail.swift in Sources */ = {isa = PBXBuildFile; fileRef = 189EB2EC1CCE31A000F6D758 /* StudentDetail.swift */; };
		18A0491C1CCE826600600FED /* ProfileImageCell.swift in Sources */ = {isa = PBXBuildFile; fileRef = 18A0491B1CCE826600600FED /* ProfileImageCell.swift */; };
		18A0491E1CCE827B00600FED /* ProfileCell.swift in Sources */ = {isa = PBXBuildFile; fileRef = 18A0491D1CCE827B00600FED /* ProfileCell.swift */; };
		18C07BD51CC6290B007989C5 /* Rating.swift in Sources */ = {isa = PBXBuildFile; fileRef = 18C07BD41CC6290B007989C5 /* Rating.swift */; };
		18C07BD71CC637BF007989C5 /* TListCell.xib in Resources */ = {isa = PBXBuildFile; fileRef = 18C07BD61CC637BF007989C5 /* TListCell.xib */; };
		18C07BD91CC639FA007989C5 /* GoogleService-Info.plist in Resources */ = {isa = PBXBuildFile; fileRef = 18C07BD81CC639FA007989C5 /* GoogleService-Info.plist */; };
		18C4685E1CC656DC00890A97 /* TBackgroundCell.swift in Sources */ = {isa = PBXBuildFile; fileRef = 18C4685C1CC656DC00890A97 /* TBackgroundCell.swift */; };
		18C4685F1CC656DC00890A97 /* TBackgroundCell.xib in Resources */ = {isa = PBXBuildFile; fileRef = 18C4685D1CC656DC00890A97 /* TBackgroundCell.xib */; };
		18C468611CC6592600890A97 /* Background.swift in Sources */ = {isa = PBXBuildFile; fileRef = 18C468601CC6592600890A97 /* Background.swift */; };
		18C468651CC65BCB00890A97 /* RatingCell.xib in Resources */ = {isa = PBXBuildFile; fileRef = 18C468631CC65BCB00890A97 /* RatingCell.xib */; };
		18E84E731CC7CD7E00BE8021 /* SignInReuseCell.swift in Sources */ = {isa = PBXBuildFile; fileRef = 18E84E711CC7CD7E00BE8021 /* SignInReuseCell.swift */; };
		18E84E741CC7CD7E00BE8021 /* SignInReuseCell.xib in Resources */ = {isa = PBXBuildFile; fileRef = 18E84E721CC7CD7E00BE8021 /* SignInReuseCell.xib */; };
		18E9DB9F1CD069EC00D5536B /* ClassTableViewController.swift in Sources */ = {isa = PBXBuildFile; fileRef = 18E9DB9E1CD069EC00D5536B /* ClassTableViewController.swift */; };
		18E9DDF51CC473B3000896EC /* TListCell.swift in Sources */ = {isa = PBXBuildFile; fileRef = 18E9DDF41CC473B3000896EC /* TListCell.swift */; };
		18E9DDF71CC47531000896EC /* TeacherDetail.swift in Sources */ = {isa = PBXBuildFile; fileRef = 18E9DDF61CC47531000896EC /* TeacherDetail.swift */; };
		18ED6E591CD6EC7300F08A16 /* SearchView.swift in Sources */ = {isa = PBXBuildFile; fileRef = 18ED6E581CD6EC7300F08A16 /* SearchView.swift */; };
		18ED6E5B1CD6EC8600F08A16 /* SearchView.xib in Resources */ = {isa = PBXBuildFile; fileRef = 18ED6E5A1CD6EC8600F08A16 /* SearchView.xib */; };
		18ED6E7F1CD710FA00F08A16 /* HangoutAlert.xib in Resources */ = {isa = PBXBuildFile; fileRef = 18ED6E7D1CD710FA00F08A16 /* HangoutAlert.xib */; };
		18ED6E831CD711F100F08A16 /* BookingSuccess.swift in Sources */ = {isa = PBXBuildFile; fileRef = 18ED6E821CD711F100F08A16 /* BookingSuccess.swift */; };
		18ED6E851CD712C300F08A16 /* HangoutAlert.swift in Sources */ = {isa = PBXBuildFile; fileRef = 18ED6E841CD712C300F08A16 /* HangoutAlert.swift */; };
		18EE57241CD46400009016F3 /* alertTest.swift in Sources */ = {isa = PBXBuildFile; fileRef = 18EE57231CD46400009016F3 /* alertTest.swift */; };
		18F150E31CD3A1340044987A /* RatingCell.swift in Sources */ = {isa = PBXBuildFile; fileRef = 18F150E21CD3A1340044987A /* RatingCell.swift */; };
		18F2DBEF1CD49FBC00B24762 /* CalenderWeb.swift in Sources */ = {isa = PBXBuildFile; fileRef = 18F2DBEE1CD49FBC00B24762 /* CalenderWeb.swift */; };
		18F671261CD30CC200E8E422 /* TInfoViewController.swift in Sources */ = {isa = PBXBuildFile; fileRef = 18F671251CD30CC200E8E422 /* TInfoViewController.swift */; };
		717AF07B5A53E468BD60CBE8 /* Pods_AmazingTutor_New.framework in Frameworks */ = {isa = PBXBuildFile; fileRef = 98683B160977E853F9CE9C57 /* Pods_AmazingTutor_New.framework */; };
/* End PBXBuildFile section */

/* Begin PBXFileReference section */
		1832596C1CD075B0008FD1CD /* PropertySetting.swift */ = {isa = PBXFileReference; fileEncoding = 4; lastKnownFileType = sourcecode.swift; path = PropertySetting.swift; sourceTree = "<group>"; };
		183718091CC3882D003F3D6C /* AmazingTutor_New.app */ = {isa = PBXFileReference; explicitFileType = wrapper.application; includeInIndex = 0; path = AmazingTutor_New.app; sourceTree = BUILT_PRODUCTS_DIR; };
		1837180C1CC3882D003F3D6C /* AppDelegate.swift */ = {isa = PBXFileReference; lastKnownFileType = sourcecode.swift; path = AppDelegate.swift; sourceTree = "<group>"; };
		183718131CC3882D003F3D6C /* Assets.xcassets */ = {isa = PBXFileReference; lastKnownFileType = folder.assetcatalog; path = Assets.xcassets; sourceTree = "<group>"; };
		183718181CC3882D003F3D6C /* Info.plist */ = {isa = PBXFileReference; lastKnownFileType = text.plist.xml; path = Info.plist; sourceTree = "<group>"; };
		183718341CC3A39A003F3D6C /* AmazingTutor_New-Bridging-Header.h */ = {isa = PBXFileReference; lastKnownFileType = sourcecode.c.h; path = "AmazingTutor_New-Bridging-Header.h"; sourceTree = "<group>"; };
		1872624A1CC4EEB9003340D7 /* LaunchScreen.storyboard */ = {isa = PBXFileReference; fileEncoding = 4; lastKnownFileType = file.storyboard; path = LaunchScreen.storyboard; sourceTree = "<group>"; };
		1872624C1CC4EF08003340D7 /* Login.storyboard */ = {isa = PBXFileReference; fileEncoding = 4; lastKnownFileType = file.storyboard; path = Login.storyboard; sourceTree = "<group>"; };
		1872624E1CC4EF71003340D7 /* LoginViewController.swift */ = {isa = PBXFileReference; fileEncoding = 4; lastKnownFileType = sourcecode.swift; path = LoginViewController.swift; sourceTree = "<group>"; };
		187262501CC4F031003340D7 /* TList.storyboard */ = {isa = PBXFileReference; fileEncoding = 4; lastKnownFileType = file.storyboard; path = TList.storyboard; sourceTree = "<group>"; };
		187262521CC4F076003340D7 /* TListTableViewController.swift */ = {isa = PBXFileReference; fileEncoding = 4; lastKnownFileType = sourcecode.swift; path = TListTableViewController.swift; sourceTree = "<group>"; };
		1894682B1CC868B9003581E9 /* SignInWebPage.swift */ = {isa = PBXFileReference; fileEncoding = 4; lastKnownFileType = sourcecode.swift; path = SignInWebPage.swift; sourceTree = "<group>"; };
		1894682D1CC88039003581E9 /* BaseURL.swift */ = {isa = PBXFileReference; fileEncoding = 4; lastKnownFileType = sourcecode.swift; path = BaseURL.swift; sourceTree = "<group>"; };
		189468351CC88BB6003581E9 /*  BookingSuccess.xib */ = {isa = PBXFileReference; fileEncoding = 4; lastKnownFileType = file.xib; path = " BookingSuccess.xib"; sourceTree = "<group>"; };
		189EB2DF1CCDB1EE00F6D758 /* ClassCell.swift */ = {isa = PBXFileReference; fileEncoding = 4; lastKnownFileType = sourcecode.swift; path = ClassCell.swift; sourceTree = "<group>"; };
		189EB2E01CCDB1EE00F6D758 /* ClassCell.xib */ = {isa = PBXFileReference; fileEncoding = 4; lastKnownFileType = file.xib; path = ClassCell.xib; sourceTree = "<group>"; };
		189EB2E41CCE2CE200F6D758 /* ProfileTableViewController.swift */ = {isa = PBXFileReference; fileEncoding = 4; lastKnownFileType = sourcecode.swift; path = ProfileTableViewController.swift; sourceTree = "<group>"; };
		189EB2E61CCE2F6E00F6D758 /* ProfileImageCell.xib */ = {isa = PBXFileReference; fileEncoding = 4; lastKnownFileType = file.xib; path = ProfileImageCell.xib; sourceTree = "<group>"; };
		189EB2EA1CCE308D00F6D758 /* ProfileCell.xib */ = {isa = PBXFileReference; fileEncoding = 4; lastKnownFileType = file.xib; path = ProfileCell.xib; sourceTree = "<group>"; };
		189EB2EC1CCE31A000F6D758 /* StudentDetail.swift */ = {isa = PBXFileReference; fileEncoding = 4; lastKnownFileType = sourcecode.swift; path = StudentDetail.swift; sourceTree = "<group>"; };
		18A0491B1CCE826600600FED /* ProfileImageCell.swift */ = {isa = PBXFileReference; fileEncoding = 4; lastKnownFileType = sourcecode.swift; path = ProfileImageCell.swift; sourceTree = "<group>"; };
		18A0491D1CCE827B00600FED /* ProfileCell.swift */ = {isa = PBXFileReference; fileEncoding = 4; lastKnownFileType = sourcecode.swift; path = ProfileCell.swift; sourceTree = "<group>"; };
		18C07BD41CC6290B007989C5 /* Rating.swift */ = {isa = PBXFileReference; fileEncoding = 4; lastKnownFileType = sourcecode.swift; path = Rating.swift; sourceTree = "<group>"; };
		18C07BD61CC637BF007989C5 /* TListCell.xib */ = {isa = PBXFileReference; fileEncoding = 4; lastKnownFileType = file.xib; path = TListCell.xib; sourceTree = "<group>"; };
		18C07BD81CC639FA007989C5 /* GoogleService-Info.plist */ = {isa = PBXFileReference; fileEncoding = 4; lastKnownFileType = text.plist.xml; path = "GoogleService-Info.plist"; sourceTree = "<group>"; };
		18C4685C1CC656DC00890A97 /* TBackgroundCell.swift */ = {isa = PBXFileReference; fileEncoding = 4; lastKnownFileType = sourcecode.swift; path = TBackgroundCell.swift; sourceTree = "<group>"; };
		18C4685D1CC656DC00890A97 /* TBackgroundCell.xib */ = {isa = PBXFileReference; fileEncoding = 4; lastKnownFileType = file.xib; path = TBackgroundCell.xib; sourceTree = "<group>"; };
		18C468601CC6592600890A97 /* Background.swift */ = {isa = PBXFileReference; fileEncoding = 4; lastKnownFileType = sourcecode.swift; path = Background.swift; sourceTree = "<group>"; };
		18C468631CC65BCB00890A97 /* RatingCell.xib */ = {isa = PBXFileReference; fileEncoding = 4; lastKnownFileType = file.xib; path = RatingCell.xib; sourceTree = "<group>"; };
		18E84E711CC7CD7E00BE8021 /* SignInReuseCell.swift */ = {isa = PBXFileReference; fileEncoding = 4; lastKnownFileType = sourcecode.swift; path = SignInReuseCell.swift; sourceTree = "<group>"; };
		18E84E721CC7CD7E00BE8021 /* SignInReuseCell.xib */ = {isa = PBXFileReference; fileEncoding = 4; lastKnownFileType = file.xib; path = SignInReuseCell.xib; sourceTree = "<group>"; };
		18E9DB9E1CD069EC00D5536B /* ClassTableViewController.swift */ = {isa = PBXFileReference; fileEncoding = 4; lastKnownFileType = sourcecode.swift; path = ClassTableViewController.swift; sourceTree = "<group>"; };
		18E9DDF41CC473B3000896EC /* TListCell.swift */ = {isa = PBXFileReference; fileEncoding = 4; lastKnownFileType = sourcecode.swift; path = TListCell.swift; sourceTree = "<group>"; };
		18E9DDF61CC47531000896EC /* TeacherDetail.swift */ = {isa = PBXFileReference; fileEncoding = 4; lastKnownFileType = sourcecode.swift; path = TeacherDetail.swift; sourceTree = "<group>"; };
		18ED6E581CD6EC7300F08A16 /* SearchView.swift */ = {isa = PBXFileReference; fileEncoding = 4; lastKnownFileType = sourcecode.swift; path = SearchView.swift; sourceTree = "<group>"; };
		18ED6E5A1CD6EC8600F08A16 /* SearchView.xib */ = {isa = PBXFileReference; fileEncoding = 4; lastKnownFileType = file.xib; path = SearchView.xib; sourceTree = "<group>"; };
		18ED6E7D1CD710FA00F08A16 /* HangoutAlert.xib */ = {isa = PBXFileReference; fileEncoding = 4; lastKnownFileType = file.xib; path = HangoutAlert.xib; sourceTree = "<group>"; };
		18ED6E821CD711F100F08A16 /* BookingSuccess.swift */ = {isa = PBXFileReference; fileEncoding = 4; lastKnownFileType = sourcecode.swift; path = BookingSuccess.swift; sourceTree = "<group>"; };
		18ED6E841CD712C300F08A16 /* HangoutAlert.swift */ = {isa = PBXFileReference; fileEncoding = 4; lastKnownFileType = sourcecode.swift; path = HangoutAlert.swift; sourceTree = "<group>"; };
		18EE57231CD46400009016F3 /* alertTest.swift */ = {isa = PBXFileReference; fileEncoding = 4; lastKnownFileType = sourcecode.swift; path = alertTest.swift; sourceTree = "<group>"; };
		18F150E21CD3A1340044987A /* RatingCell.swift */ = {isa = PBXFileReference; fileEncoding = 4; lastKnownFileType = sourcecode.swift; path = RatingCell.swift; sourceTree = "<group>"; };
		18F2DBEE1CD49FBC00B24762 /* CalenderWeb.swift */ = {isa = PBXFileReference; fileEncoding = 4; lastKnownFileType = sourcecode.swift; path = CalenderWeb.swift; sourceTree = "<group>"; };
		18F671251CD30CC200E8E422 /* TInfoViewController.swift */ = {isa = PBXFileReference; fileEncoding = 4; lastKnownFileType = sourcecode.swift; path = TInfoViewController.swift; sourceTree = "<group>"; };
		98683B160977E853F9CE9C57 /* Pods_AmazingTutor_New.framework */ = {isa = PBXFileReference; explicitFileType = wrapper.framework; includeInIndex = 0; path = Pods_AmazingTutor_New.framework; sourceTree = BUILT_PRODUCTS_DIR; };
		C5CA634E12E4070F329CF0C3 /* Pods-AmazingTutor_New.debug.xcconfig */ = {isa = PBXFileReference; includeInIndex = 1; lastKnownFileType = text.xcconfig; name = "Pods-AmazingTutor_New.debug.xcconfig"; path = "Pods/Target Support Files/Pods-AmazingTutor_New/Pods-AmazingTutor_New.debug.xcconfig"; sourceTree = "<group>"; };
		E2E13E65F58D25A1CA326729 /* Pods-AmazingTutor_New.release.xcconfig */ = {isa = PBXFileReference; includeInIndex = 1; lastKnownFileType = text.xcconfig; name = "Pods-AmazingTutor_New.release.xcconfig"; path = "Pods/Target Support Files/Pods-AmazingTutor_New/Pods-AmazingTutor_New.release.xcconfig"; sourceTree = "<group>"; };
/* End PBXFileReference section */

/* Begin PBXFrameworksBuildPhase section */
		183718061CC3882D003F3D6C /* Frameworks */ = {
			isa = PBXFrameworksBuildPhase;
			buildActionMask = 2147483647;
			files = (
				717AF07B5A53E468BD60CBE8 /* Pods_AmazingTutor_New.framework in Frameworks */,
			);
			runOnlyForDeploymentPostprocessing = 0;
		};
/* End PBXFrameworksBuildPhase section */

/* Begin PBXGroup section */
		183718001CC3882D003F3D6C = {
			isa = PBXGroup;
			children = (
				1837180B1CC3882D003F3D6C /* AmazingTutor_New */,
				1837180A1CC3882D003F3D6C /* Products */,
				A5978A4758A4032D8547847A /* Pods */,
				30A6D91EB7DD66A7CBAAE881 /* Frameworks */,
			);
			sourceTree = "<group>";
		};
		1837180A1CC3882D003F3D6C /* Products */ = {
			isa = PBXGroup;
			children = (
				183718091CC3882D003F3D6C /* AmazingTutor_New.app */,
			);
			name = Products;
			sourceTree = "<group>";
		};
		1837180B1CC3882D003F3D6C /* AmazingTutor_New */ = {
			isa = PBXGroup;
			children = (
				18F2DBF01CD49FD600B24762 /* Calender */,
				187262501CC4F031003340D7 /* TList.storyboard */,
				1832596C1CD075B0008FD1CD /* PropertySetting.swift */,
				18E9DDF61CC47531000896EC /* TeacherDetail.swift */,
				189EB2EC1CCE31A000F6D758 /* StudentDetail.swift */,
				189EB2E31CCE1DA100F6D758 /* Profile */,
				189EB2DE1CCDB07800F6D758 /* Classes */,
				18C4685B1CC6558A00890A97 /* AT */,
				183718231CC3944D003F3D6C /* Login */,
				183718221CC39442003F3D6C /* Teacher List */,
				183718211CC39431003F3D6C /* Teacher Personal Info */,
				183718201CC39419003F3D6C /* AT Documents */,
			);
			path = AmazingTutor_New;
			sourceTree = "<group>";
		};
		183718201CC39419003F3D6C /* AT Documents */ = {
			isa = PBXGroup;
			children = (
				183718181CC3882D003F3D6C /* Info.plist */,
				18C07BD81CC639FA007989C5 /* GoogleService-Info.plist */,
				183718341CC3A39A003F3D6C /* AmazingTutor_New-Bridging-Header.h */,
			);
			name = "AT Documents";
			sourceTree = "<group>";
		};
		183718211CC39431003F3D6C /* Teacher Personal Info */ = {
			isa = PBXGroup;
			children = (
				18F671251CD30CC200E8E422 /* TInfoViewController.swift */,
				18C4685C1CC656DC00890A97 /* TBackgroundCell.swift */,
				18C4685D1CC656DC00890A97 /* TBackgroundCell.xib */,
				18F150E21CD3A1340044987A /* RatingCell.swift */,
				18C468631CC65BCB00890A97 /* RatingCell.xib */,
				18C07BD41CC6290B007989C5 /* Rating.swift */,
				18C468601CC6592600890A97 /* Background.swift */,
			);
			name = "Teacher Personal Info";
			sourceTree = "<group>";
		};
		183718221CC39442003F3D6C /* Teacher List */ = {
			isa = PBXGroup;
			children = (
				187262521CC4F076003340D7 /* TListTableViewController.swift */,
				18ED6E5A1CD6EC8600F08A16 /* SearchView.xib */,
				18ED6E581CD6EC7300F08A16 /* SearchView.swift */,
				18C07BD61CC637BF007989C5 /* TListCell.xib */,
				18E9DDF41CC473B3000896EC /* TListCell.swift */,
				1894682D1CC88039003581E9 /* BaseURL.swift */,
				18ED6E821CD711F100F08A16 /* BookingSuccess.swift */,
				189468351CC88BB6003581E9 /*  BookingSuccess.xib */,
				18EE57231CD46400009016F3 /* alertTest.swift */,
				18ED6E841CD712C300F08A16 /* HangoutAlert.swift */,
				18ED6E7D1CD710FA00F08A16 /* HangoutAlert.xib */,
			);
			name = "Teacher List";
			sourceTree = "<group>";
		};
		183718231CC3944D003F3D6C /* Login */ = {
			isa = PBXGroup;
			children = (
				1872624C1CC4EF08003340D7 /* Login.storyboard */,
				1872624E1CC4EF71003340D7 /* LoginViewController.swift */,
				1894682B1CC868B9003581E9 /* SignInWebPage.swift */,
				18E84E711CC7CD7E00BE8021 /* SignInReuseCell.swift */,
				18E84E721CC7CD7E00BE8021 /* SignInReuseCell.xib */,
			);
			name = Login;
			sourceTree = "<group>";
		};
		189EB2DE1CCDB07800F6D758 /* Classes */ = {
			isa = PBXGroup;
			children = (
				18E9DB9E1CD069EC00D5536B /* ClassTableViewController.swift */,
				189EB2DF1CCDB1EE00F6D758 /* ClassCell.swift */,
				189EB2E01CCDB1EE00F6D758 /* ClassCell.xib */,
			);
			name = Classes;
			sourceTree = "<group>";
		};
		189EB2E31CCE1DA100F6D758 /* Profile */ = {
			isa = PBXGroup;
			children = (
				189EB2E41CCE2CE200F6D758 /* ProfileTableViewController.swift */,
				18A0491B1CCE826600600FED /* ProfileImageCell.swift */,
				189EB2E61CCE2F6E00F6D758 /* ProfileImageCell.xib */,
				18A0491D1CCE827B00600FED /* ProfileCell.swift */,
				189EB2EA1CCE308D00F6D758 /* ProfileCell.xib */,
			);
			name = Profile;
			sourceTree = "<group>";
		};
		18C4685B1CC6558A00890A97 /* AT */ = {
			isa = PBXGroup;
			children = (
				1837180C1CC3882D003F3D6C /* AppDelegate.swift */,
				1872624A1CC4EEB9003340D7 /* LaunchScreen.storyboard */,
				183718131CC3882D003F3D6C /* Assets.xcassets */,
			);
			name = AT;
			sourceTree = "<group>";
		};
		18F2DBF01CD49FD600B24762 /* Calender */ = {
			isa = PBXGroup;
			children = (
				18F2DBEE1CD49FBC00B24762 /* CalenderWeb.swift */,
			);
			name = Calender;
			sourceTree = "<group>";
		};
		30A6D91EB7DD66A7CBAAE881 /* Frameworks */ = {
			isa = PBXGroup;
			children = (
				98683B160977E853F9CE9C57 /* Pods_AmazingTutor_New.framework */,
			);
			name = Frameworks;
			sourceTree = "<group>";
		};
		A5978A4758A4032D8547847A /* Pods */ = {
			isa = PBXGroup;
			children = (
				C5CA634E12E4070F329CF0C3 /* Pods-AmazingTutor_New.debug.xcconfig */,
				E2E13E65F58D25A1CA326729 /* Pods-AmazingTutor_New.release.xcconfig */,
			);
			name = Pods;
			sourceTree = "<group>";
		};
/* End PBXGroup section */

/* Begin PBXNativeTarget section */
		183718081CC3882D003F3D6C /* AmazingTutor_New */ = {
			isa = PBXNativeTarget;
			buildConfigurationList = 1837181B1CC3882D003F3D6C /* Build configuration list for PBXNativeTarget "AmazingTutor_New" */;
			buildPhases = (
				5CF8A55337F51961E60D2222 /* Check Pods Manifest.lock */,
				183718051CC3882D003F3D6C /* Sources */,
				183718061CC3882D003F3D6C /* Frameworks */,
				183718071CC3882D003F3D6C /* Resources */,
				5F8A2D297AC75107EED788B3 /* Embed Pods Frameworks */,
				C4C83D93D6EA93D97D57700E /* Copy Pods Resources */,
				180099A81CC6ABC100970C65 /* ShellScript */,
			);
			buildRules = (
			);
			dependencies = (
			);
			name = AmazingTutor_New;
			productName = AmazingTutor_New;
			productReference = 183718091CC3882D003F3D6C /* AmazingTutor_New.app */;
			productType = "com.apple.product-type.application";
		};
/* End PBXNativeTarget section */

/* Begin PBXProject section */
		183718011CC3882D003F3D6C /* Project object */ = {
			isa = PBXProject;
			attributes = {
				LastSwiftUpdateCheck = 0730;
				LastUpgradeCheck = 0730;
				ORGANIZATIONNAME = apple;
				TargetAttributes = {
					183718081CC3882D003F3D6C = {
						CreatedOnToolsVersion = 7.3;
					};
				};
			};
			buildConfigurationList = 183718041CC3882D003F3D6C /* Build configuration list for PBXProject "AmazingTutor_New" */;
			compatibilityVersion = "Xcode 3.2";
			developmentRegion = English;
			hasScannedForEncodings = 0;
			knownRegions = (
				en,
				Base,
			);
			mainGroup = 183718001CC3882D003F3D6C;
			productRefGroup = 1837180A1CC3882D003F3D6C /* Products */;
			projectDirPath = "";
			projectRoot = "";
			targets = (
				183718081CC3882D003F3D6C /* AmazingTutor_New */,
			);
		};
/* End PBXProject section */

/* Begin PBXResourcesBuildPhase section */
		183718071CC3882D003F3D6C /* Resources */ = {
			isa = PBXResourcesBuildPhase;
			buildActionMask = 2147483647;
			files = (
				18C4685F1CC656DC00890A97 /* TBackgroundCell.xib in Resources */,
				183718141CC3882D003F3D6C /* Assets.xcassets in Resources */,
				189EB2EB1CCE308D00F6D758 /* ProfileCell.xib in Resources */,
				1872624D1CC4EF08003340D7 /* Login.storyboard in Resources */,
				189EB2E21CCDB1EE00F6D758 /* ClassCell.xib in Resources */,
				1872624B1CC4EEB9003340D7 /* LaunchScreen.storyboard in Resources */,
				187262511CC4F031003340D7 /* TList.storyboard in Resources */,
				18C07BD71CC637BF007989C5 /* TListCell.xib in Resources */,
				18ED6E5B1CD6EC8600F08A16 /* SearchView.xib in Resources */,
				189468361CC88BB6003581E9 /*  BookingSuccess.xib in Resources */,
				18ED6E7F1CD710FA00F08A16 /* HangoutAlert.xib in Resources */,
				18C468651CC65BCB00890A97 /* RatingCell.xib in Resources */,
				189EB2E71CCE2F6E00F6D758 /* ProfileImageCell.xib in Resources */,
				18E84E741CC7CD7E00BE8021 /* SignInReuseCell.xib in Resources */,
				18C07BD91CC639FA007989C5 /* GoogleService-Info.plist in Resources */,
			);
			runOnlyForDeploymentPostprocessing = 0;
		};
/* End PBXResourcesBuildPhase section */

/* Begin PBXShellScriptBuildPhase section */
		180099A81CC6ABC100970C65 /* ShellScript */ = {
			isa = PBXShellScriptBuildPhase;
			buildActionMask = 2147483647;
			files = (
			);
			inputPaths = (
			);
			outputPaths = (
			);
			runOnlyForDeploymentPostprocessing = 0;
			shellPath = /bin/sh;
			shellScript = "\"${PODS_ROOT}/Fabric/run\" e54e14cebccd5bbe7049b3eca4c32886cd037ccd 61db3ac556266193e2ca335d8718c83e298493a567e2efdd0b84549b9572e037";
		};
		5CF8A55337F51961E60D2222 /* Check Pods Manifest.lock */ = {
			isa = PBXShellScriptBuildPhase;
			buildActionMask = 2147483647;
			files = (
			);
			inputPaths = (
			);
			name = "Check Pods Manifest.lock";
			outputPaths = (
			);
			runOnlyForDeploymentPostprocessing = 0;
			shellPath = /bin/sh;
			shellScript = "diff \"${PODS_ROOT}/../Podfile.lock\" \"${PODS_ROOT}/Manifest.lock\" > /dev/null\nif [[ $? != 0 ]] ; then\n    cat << EOM\nerror: The sandbox is not in sync with the Podfile.lock. Run 'pod install' or update your CocoaPods installation.\nEOM\n    exit 1\nfi\n";
			showEnvVarsInLog = 0;
		};
		5F8A2D297AC75107EED788B3 /* Embed Pods Frameworks */ = {
			isa = PBXShellScriptBuildPhase;
			buildActionMask = 2147483647;
			files = (
			);
			inputPaths = (
			);
			name = "Embed Pods Frameworks";
			outputPaths = (
			);
			runOnlyForDeploymentPostprocessing = 0;
			shellPath = /bin/sh;
			shellScript = "\"${SRCROOT}/Pods/Target Support Files/Pods-AmazingTutor_New/Pods-AmazingTutor_New-frameworks.sh\"\n";
			showEnvVarsInLog = 0;
		};
		C4C83D93D6EA93D97D57700E /* Copy Pods Resources */ = {
			isa = PBXShellScriptBuildPhase;
			buildActionMask = 2147483647;
			files = (
			);
			inputPaths = (
			);
			name = "Copy Pods Resources";
			outputPaths = (
			);
			runOnlyForDeploymentPostprocessing = 0;
			shellPath = /bin/sh;
			shellScript = "\"${SRCROOT}/Pods/Target Support Files/Pods-AmazingTutor_New/Pods-AmazingTutor_New-resources.sh\"\n";
			showEnvVarsInLog = 0;
		};
/* End PBXShellScriptBuildPhase section */

/* Begin PBXSourcesBuildPhase section */
		183718051CC3882D003F3D6C /* Sources */ = {
			isa = PBXSourcesBuildPhase;
			buildActionMask = 2147483647;
			files = (
				189EB2E11CCDB1EE00F6D758 /* ClassCell.swift in Sources */,
				189EB2ED1CCE31A000F6D758 /* StudentDetail.swift in Sources */,
				18EE57241CD46400009016F3 /* alertTest.swift in Sources */,
				18E9DDF51CC473B3000896EC /* TListCell.swift in Sources */,
				18ED6E591CD6EC7300F08A16 /* SearchView.swift in Sources */,
				1894682E1CC88039003581E9 /* BaseURL.swift in Sources */,
				18ED6E851CD712C300F08A16 /* HangoutAlert.swift in Sources */,
				18F2DBEF1CD49FBC00B24762 /* CalenderWeb.swift in Sources */,
				1832596D1CD075B0008FD1CD /* PropertySetting.swift in Sources */,
				1837180D1CC3882D003F3D6C /* AppDelegate.swift in Sources */,
				18ED6E831CD711F100F08A16 /* BookingSuccess.swift in Sources */,
				1872624F1CC4EF71003340D7 /* LoginViewController.swift in Sources */,
				18E84E731CC7CD7E00BE8021 /* SignInReuseCell.swift in Sources */,
				189EB2E51CCE2CE200F6D758 /* ProfileTableViewController.swift in Sources */,
				18E9DB9F1CD069EC00D5536B /* ClassTableViewController.swift in Sources */,
				18A0491E1CCE827B00600FED /* ProfileCell.swift in Sources */,
				18C4685E1CC656DC00890A97 /* TBackgroundCell.swift in Sources */,
				18E9DDF71CC47531000896EC /* TeacherDetail.swift in Sources */,
				18F150E31CD3A1340044987A /* RatingCell.swift in Sources */,
				187262531CC4F076003340D7 /* TListTableViewController.swift in Sources */,
				18F671261CD30CC200E8E422 /* TInfoViewController.swift in Sources */,
				1894682C1CC868B9003581E9 /* SignInWebPage.swift in Sources */,
				18A0491C1CCE826600600FED /* ProfileImageCell.swift in Sources */,
				18C07BD51CC6290B007989C5 /* Rating.swift in Sources */,
				18C468611CC6592600890A97 /* Background.swift in Sources */,
			);
			runOnlyForDeploymentPostprocessing = 0;
		};
/* End PBXSourcesBuildPhase section */

/* Begin XCBuildConfiguration section */
		183718191CC3882D003F3D6C /* Debug */ = {
			isa = XCBuildConfiguration;
			buildSettings = {
				ALWAYS_SEARCH_USER_PATHS = NO;
				CLANG_ANALYZER_NONNULL = YES;
				CLANG_CXX_LANGUAGE_STANDARD = "gnu++0x";
				CLANG_CXX_LIBRARY = "libc++";
				CLANG_ENABLE_MODULES = YES;
				CLANG_ENABLE_OBJC_ARC = YES;
				CLANG_WARN_BOOL_CONVERSION = YES;
				CLANG_WARN_CONSTANT_CONVERSION = YES;
				CLANG_WARN_DIRECT_OBJC_ISA_USAGE = YES_ERROR;
				CLANG_WARN_EMPTY_BODY = YES;
				CLANG_WARN_ENUM_CONVERSION = YES;
				CLANG_WARN_INT_CONVERSION = YES;
				CLANG_WARN_OBJC_ROOT_CLASS = YES_ERROR;
				CLANG_WARN_UNREACHABLE_CODE = YES;
				CLANG_WARN__DUPLICATE_METHOD_MATCH = YES;
				"CODE_SIGN_IDENTITY[sdk=iphoneos*]" = "iPhone Developer";
				COPY_PHASE_STRIP = NO;
				DEBUG_INFORMATION_FORMAT = dwarf;
				ENABLE_STRICT_OBJC_MSGSEND = YES;
				ENABLE_TESTABILITY = YES;
				GCC_C_LANGUAGE_STANDARD = gnu99;
				GCC_DYNAMIC_NO_PIC = NO;
				GCC_NO_COMMON_BLOCKS = YES;
				GCC_OPTIMIZATION_LEVEL = 0;
				GCC_PREPROCESSOR_DEFINITIONS = (
					"DEBUG=1",
					"$(inherited)",
				);
				GCC_WARN_64_TO_32_BIT_CONVERSION = YES;
				GCC_WARN_ABOUT_RETURN_TYPE = YES_ERROR;
				GCC_WARN_UNDECLARED_SELECTOR = YES;
				GCC_WARN_UNINITIALIZED_AUTOS = YES_AGGRESSIVE;
				GCC_WARN_UNUSED_FUNCTION = YES;
				GCC_WARN_UNUSED_VARIABLE = YES;
				IPHONEOS_DEPLOYMENT_TARGET = 9.0;
				MTL_ENABLE_DEBUG_INFO = YES;
				ONLY_ACTIVE_ARCH = YES;
				SDKROOT = iphoneos;
				SWIFT_OPTIMIZATION_LEVEL = "-Onone";
				VALID_ARCHS = "arm64 armv7 armv7s";
			};
			name = Debug;
		};
		1837181A1CC3882D003F3D6C /* Release */ = {
			isa = XCBuildConfiguration;
			buildSettings = {
				ALWAYS_SEARCH_USER_PATHS = NO;
				CLANG_ANALYZER_NONNULL = YES;
				CLANG_CXX_LANGUAGE_STANDARD = "gnu++0x";
				CLANG_CXX_LIBRARY = "libc++";
				CLANG_ENABLE_MODULES = YES;
				CLANG_ENABLE_OBJC_ARC = YES;
				CLANG_WARN_BOOL_CONVERSION = YES;
				CLANG_WARN_CONSTANT_CONVERSION = YES;
				CLANG_WARN_DIRECT_OBJC_ISA_USAGE = YES_ERROR;
				CLANG_WARN_EMPTY_BODY = YES;
				CLANG_WARN_ENUM_CONVERSION = YES;
				CLANG_WARN_INT_CONVERSION = YES;
				CLANG_WARN_OBJC_ROOT_CLASS = YES_ERROR;
				CLANG_WARN_UNREACHABLE_CODE = YES;
				CLANG_WARN__DUPLICATE_METHOD_MATCH = YES;
				"CODE_SIGN_IDENTITY[sdk=iphoneos*]" = "iPhone Developer";
				COPY_PHASE_STRIP = NO;
				DEBUG_INFORMATION_FORMAT = "dwarf-with-dsym";
				ENABLE_NS_ASSERTIONS = NO;
				ENABLE_STRICT_OBJC_MSGSEND = YES;
				GCC_C_LANGUAGE_STANDARD = gnu99;
				GCC_NO_COMMON_BLOCKS = YES;
				GCC_WARN_64_TO_32_BIT_CONVERSION = YES;
				GCC_WARN_ABOUT_RETURN_TYPE = YES_ERROR;
				GCC_WARN_UNDECLARED_SELECTOR = YES;
				GCC_WARN_UNINITIALIZED_AUTOS = YES_AGGRESSIVE;
				GCC_WARN_UNUSED_FUNCTION = YES;
				GCC_WARN_UNUSED_VARIABLE = YES;
				IPHONEOS_DEPLOYMENT_TARGET = 9.0;
				MTL_ENABLE_DEBUG_INFO = NO;
				SDKROOT = iphoneos;
				VALID_ARCHS = "arm64 armv7 armv7s";
			};
			name = Release;
		};
		1837181C1CC3882D003F3D6C /* Debug */ = {
			isa = XCBuildConfiguration;
			baseConfigurationReference = C5CA634E12E4070F329CF0C3 /* Pods-AmazingTutor_New.debug.xcconfig */;
			buildSettings = {
				ASSETCATALOG_COMPILER_APPICON_NAME = AppIcon;
				CLANG_ENABLE_MODULES = YES;
				INFOPLIST_FILE = AmazingTutor_New/Info.plist;
				LD_RUNPATH_SEARCH_PATHS = "$(inherited) @executable_path/Frameworks";
				PRODUCT_BUNDLE_IDENTIFIER = "JulyYang.AmazingTutor-New";
				PRODUCT_NAME = "$(TARGET_NAME)";
				SWIFT_OBJC_BRIDGING_HEADER = "AmazingTutor_New/AmazingTutor_New-Bridging-Header.h";
				SWIFT_OPTIMIZATION_LEVEL = "-Onone";
			};
			name = Debug;
		};
		1837181D1CC3882D003F3D6C /* Release */ = {
			isa = XCBuildConfiguration;
			baseConfigurationReference = E2E13E65F58D25A1CA326729 /* Pods-AmazingTutor_New.release.xcconfig */;
			buildSettings = {
				ASSETCATALOG_COMPILER_APPICON_NAME = AppIcon;
				CLANG_ENABLE_MODULES = YES;
				INFOPLIST_FILE = AmazingTutor_New/Info.plist;
				LD_RUNPATH_SEARCH_PATHS = "$(inherited) @executable_path/Frameworks";
				PRODUCT_BUNDLE_IDENTIFIER = "JulyYang.AmazingTutor-New";
				PRODUCT_NAME = "$(TARGET_NAME)";
				SWIFT_OBJC_BRIDGING_HEADER = "AmazingTutor_New/AmazingTutor_New-Bridging-Header.h";
			};
			name = Release;
		};
/* End XCBuildConfiguration section */

/* Begin XCConfigurationList section */
		183718041CC3882D003F3D6C /* Build configuration list for PBXProject "AmazingTutor_New" */ = {
			isa = XCConfigurationList;
			buildConfigurations = (
				183718191CC3882D003F3D6C /* Debug */,
				1837181A1CC3882D003F3D6C /* Release */,
			);
			defaultConfigurationIsVisible = 0;
			defaultConfigurationName = Release;
		};
		1837181B1CC3882D003F3D6C /* Build configuration list for PBXNativeTarget "AmazingTutor_New" */ = {
			isa = XCConfigurationList;
			buildConfigurations = (
				1837181C1CC3882D003F3D6C /* Debug */,
				1837181D1CC3882D003F3D6C /* Release */,
			);
			defaultConfigurationIsVisible = 0;
			defaultConfigurationName = Release;
		};
/* End XCConfigurationList section */
	};
	rootObject = 183718011CC3882D003F3D6C /* Project object */;
}
